
Microsoft Visual Studio Solution File, Format Version 12.00
# Visual Studio 14
VisualStudioVersion = 14.0.25420.1
MinimumVisualStudioVersion = 10.0.40219.1
Project("{FAE04EC0-301F-11D3-BF4B-00C04F79EFBC}") = "VRE.Vridge.API.Client", "VRE.Vridge.API.Client\VRE.Vridge.API.Client.csproj", "{BFA13FB8-CB79-4883-B97E-0BDE7A5A0C2C}"
EndProject
Project("{FAE04EC0-301F-11D3-BF4B-00C04F79EFBC}") = "VRE.Vridge.API.DesktopTester", "examples\VRE.Vridge.API.DesktopClient\VRE.Vridge.API.DesktopTester.csproj", "{97ECBE1C-03EF-461D-A389-312C729A7EA6}"
EndProject
Global
	GlobalSection(SolutionConfigurationPlatforms) = preSolution
		Debug|Any CPU = Debug|Any CPU
		Release|Any CPU = Release|Any CPU
	EndGlobalSection
	GlobalSection(ProjectConfigurationPlatforms) = postSolution
		{BFA13FB8-CB79-4883-B97E-0BDE7A5A0C2C}.Debug|Any CPU.ActiveCfg = Debug|Any CPU
		{BFA13FB8-CB79-4883-B97E-0BDE7A5A0C2C}.Debug|Any CPU.Build.0 = Debug|Any CPU
		{BFA13FB8-CB79-4883-B97E-0BDE7A5A0C2C}.Release|Any CPU.ActiveCfg = Release|Any CPU
		{BFA13FB8-CB79-4883-B97E-0BDE7A5A0C2C}.Release|Any CPU.Build.0 = Release|Any CPU
		{97ECBE1C-03EF-461D-A389-312C729A7EA6}.Debug|Any CPU.ActiveCfg = Debug|Any CPU
		{97ECBE1C-03EF-461D-A389-312C729A7EA6}.Debug|Any CPU.Build.0 = Debug|Any CPU
		{97ECBE1C-03EF-461D-A389-312C729A7EA6}.Release|Any CPU.ActiveCfg = Release|Any CPU
		{97ECBE1C-03EF-461D-A389-312C729A7EA6}.Release|Any CPU.Build.0 = Release|Any CPU
	EndGlobalSection
	GlobalSection(SolutionProperties) = preSolution
		HideSolutionNode = FALSE
	EndGlobalSection
EndGlobal
